
Microsoft Visual Studio Solution File, Format Version 12.00
# Visual Studio Version 16
VisualStudioVersion = 16.0.33328.57
MinimumVisualStudioVersion = 10.0.40219.1
Project("{FAE04EC0-301F-11D3-BF4B-00C04F79EFBC}") = "Lec09_Chart", "Lec09_Chart\Lec09_Chart.csproj", "{3521F864-8C18-4222-8C7F-FA01850BFB71}"
EndProject
Global
	GlobalSection(SolutionConfigurationPlatforms) = preSolution
		Debug|Any CPU = Debug|Any CPU
		Release|Any CPU = Release|Any CPU
	EndGlobalSection
	GlobalSection(ProjectConfigurationPlatforms) = postSolution
		{3521F864-8C18-4222-8C7F-FA01850BFB71}.Debug|Any CPU.ActiveCfg = Debug|Any CPU
		{3521F864-8C18-4222-8C7F-FA01850BFB71}.Debug|Any CPU.Build.0 = Debug|Any CPU
		{3521F864-8C18-4222-8C7F-FA01850BFB71}.Release|Any CPU.ActiveCfg = Release|Any CPU
		{3521F864-8C18-4222-8C7F-FA01850BFB71}.Release|Any CPU.Build.0 = Release|Any CPU
	EndGlobalSection
	GlobalSection(SolutionProperties) = preSolution
		HideSolutionNode = FALSE
	EndGlobalSection
	GlobalSection(ExtensibilityGlobals) = postSolution
		SolutionGuid = {F1CC0B02-BA1B-407F-BC5A-810BB438A231}
	EndGlobalSection
EndGlobal
